// !$*UTF8*$!
{
	archiveVersion = 1;
	classes = {
	};
	objectVersion = 50;
	objects = {

/* Begin PBXBuildFile section */
		236D080826A1C5B4008E7392 /* CashCountApp.swift in Sources */ = {isa = PBXBuildFile; fileRef = 236D080726A1C5B4008E7392 /* CashCountApp.swift */; };
		236D080A26A1C5B4008E7392 /* ContentView.swift in Sources */ = {isa = PBXBuildFile; fileRef = 236D080926A1C5B4008E7392 /* ContentView.swift */; };
		236D080C26A1C5B8008E7392 /* Assets.xcassets in Resources */ = {isa = PBXBuildFile; fileRef = 236D080B26A1C5B8008E7392 /* Assets.xcassets */; };
		236D080F26A1C5B8008E7392 /* Preview Assets.xcassets in Resources */ = {isa = PBXBuildFile; fileRef = 236D080E26A1C5B8008E7392 /* Preview Assets.xcassets */; };
		236D081B26A5877D008E7392 /* CameraPreview.swift in Sources */ = {isa = PBXBuildFile; fileRef = 236D081A26A5877D008E7392 /* CameraPreview.swift */; };
		236D081F26A58BAC008E7392 /* CameraView.swift in Sources */ = {isa = PBXBuildFile; fileRef = 236D081E26A58BAC008E7392 /* CameraView.swift */; };
		236D082126A59880008E7392 /* YOLOv3FP16.mlmodel in Sources */ = {isa = PBXBuildFile; fileRef = 236D082026A59880008E7392 /* YOLOv3FP16.mlmodel */; };
		236D082326A59AA6008E7392 /* UIImage+Extenion.swift in Sources */ = {isa = PBXBuildFile; fileRef = 236D082226A59AA6008E7392 /* UIImage+Extenion.swift */; };
/* End PBXBuildFile section */

/* Begin PBXFileReference section */
		236D080426A1C5B4008E7392 /* CashCount.app */ = {isa = PBXFileReference; explicitFileType = wrapper.application; includeInIndex = 0; path = CashCount.app; sourceTree = BUILT_PRODUCTS_DIR; };
		236D080726A1C5B4008E7392 /* CashCountApp.swift */ = {isa = PBXFileReference; lastKnownFileType = sourcecode.swift; path = CashCountApp.swift; sourceTree = "<group>"; };
		236D080926A1C5B4008E7392 /* ContentView.swift */ = {isa = PBXFileReference; lastKnownFileType = sourcecode.swift; path = ContentView.swift; sourceTree = "<group>"; };
		236D080B26A1C5B8008E7392 /* Assets.xcassets */ = {isa = PBXFileReference; lastKnownFileType = folder.assetcatalog; path = Assets.xcassets; sourceTree = "<group>"; };
		236D080E26A1C5B8008E7392 /* Preview Assets.xcassets */ = {isa = PBXFileReference; lastKnownFileType = folder.assetcatalog; path = "Preview Assets.xcassets"; sourceTree = "<group>"; };
		236D081026A1C5B8008E7392 /* Info.plist */ = {isa = PBXFileReference; lastKnownFileType = text.plist.xml; path = Info.plist; sourceTree = "<group>"; };
		236D081A26A5877D008E7392 /* CameraPreview.swift */ = {isa = PBXFileReference; lastKnownFileType = sourcecode.swift; path = CameraPreview.swift; sourceTree = "<group>"; };
		236D081E26A58BAC008E7392 /* CameraView.swift */ = {isa = PBXFileReference; lastKnownFileType = sourcecode.swift; path = CameraView.swift; sourceTree = "<group>"; };
		236D082026A59880008E7392 /* YOLOv3FP16.mlmodel */ = {isa = PBXFileReference; lastKnownFileType = file.mlmodel; name = YOLOv3FP16.mlmodel; path = ../../../Downloads/YOLOv3FP16.mlmodel; sourceTree = "<group>"; };
		236D082226A59AA6008E7392 /* UIImage+Extenion.swift */ = {isa = PBXFileReference; lastKnownFileType = sourcecode.swift; path = "UIImage+Extenion.swift"; sourceTree = "<group>"; };
/* End PBXFileReference section */

/* Begin PBXFrameworksBuildPhase section */
		236D080126A1C5B4008E7392 /* Frameworks */ = {
			isa = PBXFrameworksBuildPhase;
			buildActionMask = 2147483647;
			files = (
			);
			runOnlyForDeploymentPostprocessing = 0;
		};
/* End PBXFrameworksBuildPhase section */

/* Begin PBXGroup section */
		236D07FB26A1C5B4008E7392 = {
			isa = PBXGroup;
			children = (
				236D080626A1C5B4008E7392 /* CashCount */,
				236D080526A1C5B4008E7392 /* Products */,
			);
			sourceTree = "<group>";
		};
		236D080526A1C5B4008E7392 /* Products */ = {
			isa = PBXGroup;
			children = (
				236D080426A1C5B4008E7392 /* CashCount.app */,
			);
			name = Products;
			sourceTree = "<group>";
		};
		236D080626A1C5B4008E7392 /* CashCount */ = {
			isa = PBXGroup;
			children = (
				236D082026A59880008E7392 /* YOLOv3FP16.mlmodel */,
				236D080726A1C5B4008E7392 /* CashCountApp.swift */,
				236D080926A1C5B4008E7392 /* ContentView.swift */,
				236D081E26A58BAC008E7392 /* CameraView.swift */,
				236D082226A59AA6008E7392 /* UIImage+Extenion.swift */,
				236D080B26A1C5B8008E7392 /* Assets.xcassets */,
				236D081026A1C5B8008E7392 /* Info.plist */,
				236D080D26A1C5B8008E7392 /* Preview Content */,
				236D081A26A5877D008E7392 /* CameraPreview.swift */,
			);
			path = CashCount;
			sourceTree = "<group>";
		};
		236D080D26A1C5B8008E7392 /* Preview Content */ = {
			isa = PBXGroup;
			children = (
				236D080E26A1C5B8008E7392 /* Preview Assets.xcassets */,
			);
			path = "Preview Content";
			sourceTree = "<group>";
		};
/* End PBXGroup section */

/* Begin PBXNativeTarget section */
		236D080326A1C5B4008E7392 /* CashCount */ = {
			isa = PBXNativeTarget;
			buildConfigurationList = 236D081326A1C5B8008E7392 /* Build configuration list for PBXNativeTarget "CashCount" */;
			buildPhases = (
				236D080026A1C5B4008E7392 /* Sources */,
				236D080126A1C5B4008E7392 /* Frameworks */,
				236D080226A1C5B4008E7392 /* Resources */,
			);
			buildRules = (
			);
			dependencies = (
			);
			name = CashCount;
			productName = CashCount;
			productReference = 236D080426A1C5B4008E7392 /* CashCount.app */;
			productType = "com.apple.product-type.application";
		};
/* End PBXNativeTarget section */

/* Begin PBXProject section */
		236D07FC26A1C5B4008E7392 /* Project object */ = {
			isa = PBXProject;
			attributes = {
				LastSwiftUpdateCheck = 1250;
				LastUpgradeCheck = 1250;
				TargetAttributes = {
					236D080326A1C5B4008E7392 = {
						CreatedOnToolsVersion = 12.5;
					};
				};
			};
			buildConfigurationList = 236D07FF26A1C5B4008E7392 /* Build configuration list for PBXProject "CashCount" */;
			compatibilityVersion = "Xcode 9.3";
			developmentRegion = en;
			hasScannedForEncodings = 0;
			knownRegions = (
				en,
				Base,
			);
			mainGroup = 236D07FB26A1C5B4008E7392;
			productRefGroup = 236D080526A1C5B4008E7392 /* Products */;
			projectDirPath = "";
			projectRoot = "";
			targets = (
				236D080326A1C5B4008E7392 /* CashCount */,
			);
		};
/* End PBXProject section */

/* Begin PBXResourcesBuildPhase section */
		236D080226A1C5B4008E7392 /* Resources */ = {
			isa = PBXResourcesBuildPhase;
			buildActionMask = 2147483647;
			files = (
				236D080F26A1C5B8008E7392 /* Preview Assets.xcassets in Resources */,
				236D080C26A1C5B8008E7392 /* Assets.xcassets in Resources */,
			);
			runOnlyForDeploymentPostprocessing = 0;
		};
/* End PBXResourcesBuildPhase section */

/* Begin PBXSourcesBuildPhase section */
		236D080026A1C5B4008E7392 /* Sources */ = {
			isa = PBXSourcesBuildPhase;
			buildActionMask = 2147483647;
			files = (
				236D080A26A1C5B4008E7392 /* ContentView.swift in Sources */,
				236D080826A1C5B4008E7392 /* CashCountApp.swift in Sources */,
				236D082126A59880008E7392 /* YOLOv3FP16.mlmodel in Sources */,
				236D082326A59AA6008E7392 /* UIImage+Extenion.swift in Sources */,
				236D081F26A58BAC008E7392 /* CameraView.swift in Sources */,
				236D081B26A5877D008E7392 /* CameraPreview.swift in Sources */,
			);
			runOnlyForDeploymentPostprocessing = 0;
		};
/* End PBXSourcesBuildPhase section */

/* Begin XCBuildConfiguration section */
		236D081126A1C5B8008E7392 /* Debug */ = {
			isa = XCBuildConfiguration;
			buildSettings = {
				ALWAYS_SEARCH_USER_PATHS = NO;
				CLANG_ANALYZER_NONNULL = YES;
				CLANG_ANALYZER_NUMBER_OBJECT_CONVERSION = YES_AGGRESSIVE;
				CLANG_CXX_LANGUAGE_STANDARD = "gnu++14";
				CLANG_CXX_LIBRARY = "libc++";
				CLANG_ENABLE_MODULES = YES;
				CLANG_ENABLE_OBJC_ARC = YES;
				CLANG_ENABLE_OBJC_WEAK = YES;
				CLANG_WARN_BLOCK_CAPTURE_AUTORELEASING = YES;
				CLANG_WARN_BOOL_CONVERSION = YES;
				CLANG_WARN_COMMA = YES;
				CLANG_WARN_CONSTANT_CONVERSION = YES;
				CLANG_WARN_DEPRECATED_OBJC_IMPLEMENTATIONS = YES;
				CLANG_WARN_DIRECT_OBJC_ISA_USAGE = YES_ERROR;
				CLANG_WARN_DOCUMENTATION_COMMENTS = YES;
				CLANG_WARN_EMPTY_BODY = YES;
				CLANG_WARN_ENUM_CONVERSION = YES;
				CLANG_WARN_INFINITE_RECURSION = YES;
				CLANG_WARN_INT_CONVERSION = YES;
				CLANG_WARN_NON_LITERAL_NULL_CONVERSION = YES;
				CLANG_WARN_OBJC_IMPLICIT_RETAIN_SELF = YES;
				CLANG_WARN_OBJC_LITERAL_CONVERSION = YES;
				CLANG_WARN_OBJC_ROOT_CLASS = YES_ERROR;
				CLANG_WARN_QUOTED_INCLUDE_IN_FRAMEWORK_HEADER = YES;
				CLANG_WARN_RANGE_LOOP_ANALYSIS = YES;
				CLANG_WARN_STRICT_PROTOTYPES = YES;
				CLANG_WARN_SUSPICIOUS_MOVE = YES;
				CLANG_WARN_UNGUARDED_AVAILABILITY = YES_AGGRESSIVE;
				CLANG_WARN_UNREACHABLE_CODE = YES;
				CLANG_WARN__DUPLICATE_METHOD_MATCH = YES;
				COPY_PHASE_STRIP = NO;
				DEBUG_INFORMATION_FORMAT = dwarf;
				ENABLE_STRICT_OBJC_MSGSEND = YES;
				ENABLE_TESTABILITY = YES;
				GCC_C_LANGUAGE_STANDARD = gnu11;
				GCC_DYNAMIC_NO_PIC = NO;
				GCC_NO_COMMON_BLOCKS = YES;
				GCC_OPTIMIZATION_LEVEL = 0;
				GCC_PREPROCESSOR_DEFINITIONS = (
					"DEBUG=1",
					"$(inherited)",
				);
				GCC_WARN_64_TO_32_BIT_CONVERSION = YES;
				GCC_WARN_ABOUT_RETURN_TYPE = YES_ERROR;
				GCC_WARN_UNDECLARED_SELECTOR = YES;
				GCC_WARN_UNINITIALIZED_AUTOS = YES_AGGRESSIVE;
				GCC_WARN_UNUSED_FUNCTION = YES;
				GCC_WARN_UNUSED_VARIABLE = YES;
				IPHONEOS_DEPLOYMENT_TARGET = 14.5;
				MTL_ENABLE_DEBUG_INFO = INCLUDE_SOURCE;
				MTL_FAST_MATH = YES;
				ONLY_ACTIVE_ARCH = YES;
				SDKROOT = iphoneos;
				SWIFT_ACTIVE_COMPILATION_CONDITIONS = DEBUG;
				SWIFT_OPTIMIZATION_LEVEL = "-Onone";
			};
			name = Debug;
		};
		236D081226A1C5B8008E7392 /* Release */ = {
			isa = XCBuildConfiguration;
			buildSettings = {
				ALWAYS_SEARCH_USER_PATHS = NO;
				CLANG_ANALYZER_NONNULL = YES;
				CLANG_ANALYZER_NUMBER_OBJECT_CONVERSION = YES_AGGRESSIVE;
				CLANG_CXX_LANGUAGE_STANDARD = "gnu++14";
				CLANG_CXX_LIBRARY = "libc++";
				CLANG_ENABLE_MODULES = YES;
				CLANG_ENABLE_OBJC_ARC = YES;
				CLANG_ENABLE_OBJC_WEAK = YES;
				CLANG_WARN_BLOCK_CAPTURE_AUTORELEASING = YES;
				CLANG_WARN_BOOL_CONVERSION = YES;
				CLANG_WARN_COMMA = YES;
				CLANG_WARN_CONSTANT_CONVERSION = YES;
				CLANG_WARN_DEPRECATED_OBJC_IMPLEMENTATIONS = YES;
				CLANG_WARN_DIRECT_OBJC_ISA_USAGE = YES_ERROR;
				CLANG_WARN_DOCUMENTATION_COMMENTS = YES;
				CLANG_WARN_EMPTY_BODY = YES;
				CLANG_WARN_ENUM_CONVERSION = YES;
				CLANG_WARN_INFINITE_RECURSION = YES;
				CLANG_WARN_INT_CONVERSION = YES;
				CLANG_WARN_NON_LITERAL_NULL_CONVERSION = YES;
				CLANG_WARN_OBJC_IMPLICIT_RETAIN_SELF = YES;
				CLANG_WARN_OBJC_LITERAL_CONVERSION = YES;
				CLANG_WARN_OBJC_ROOT_CLASS = YES_ERROR;
				CLANG_WARN_QUOTED_INCLUDE_IN_FRAMEWORK_HEADER = YES;
				CLANG_WARN_RANGE_LOOP_ANALYSIS = YES;
				CLANG_WARN_STRICT_PROTOTYPES = YES;
				CLANG_WARN_SUSPICIOUS_MOVE = YES;
				CLANG_WARN_UNGUARDED_AVAILABILITY = YES_AGGRESSIVE;
				CLANG_WARN_UNREACHABLE_CODE = YES;
				CLANG_WARN__DUPLICATE_METHOD_MATCH = YES;
				COPY_PHASE_STRIP = NO;
				DEBUG_INFORMATION_FORMAT = "dwarf-with-dsym";
				ENABLE_NS_ASSERTIONS = NO;
				ENABLE_STRICT_OBJC_MSGSEND = YES;
				GCC_C_LANGUAGE_STANDARD = gnu11;
				GCC_NO_COMMON_BLOCKS = YES;
				GCC_WARN_64_TO_32_BIT_CONVERSION = YES;
				GCC_WARN_ABOUT_RETURN_TYPE = YES_ERROR;
				GCC_WARN_UNDECLARED_SELECTOR = YES;
				GCC_WARN_UNINITIALIZED_AUTOS = YES_AGGRESSIVE;
				GCC_WARN_UNUSED_FUNCTION = YES;
				GCC_WARN_UNUSED_VARIABLE = YES;
				IPHONEOS_DEPLOYMENT_TARGET = 14.5;
				MTL_ENABLE_DEBUG_INFO = NO;
				MTL_FAST_MATH = YES;
				SDKROOT = iphoneos;
				SWIFT_COMPILATION_MODE = wholemodule;
				SWIFT_OPTIMIZATION_LEVEL = "-O";
				VALIDATE_PRODUCT = YES;
			};
			name = Release;
		};
		236D081426A1C5B8008E7392 /* Debug */ = {
			isa = XCBuildConfiguration;
			buildSettings = {
				ASSETCATALOG_COMPILER_APPICON_NAME = AppIcon;
				ASSETCATALOG_COMPILER_GLOBAL_ACCENT_COLOR_NAME = AccentColor;
				CODE_SIGN_STYLE = Automatic;
				DEVELOPMENT_ASSET_PATHS = "\"CashCount/Preview Content\"";
				DEVELOPMENT_TEAM = UB7P88VGXV;
				ENABLE_PREVIEWS = YES;
				INFOPLIST_FILE = CashCount/Info.plist;
				IPHONEOS_DEPLOYMENT_TARGET = 14.0;
				LD_RUNPATH_SEARCH_PATHS = (
					"$(inherited)",
					"@executable_path/Frameworks",
				);
				PRODUCT_BUNDLE_IDENTIFIER = com.nikolaimadlener.CashCount.CashCount;
				PRODUCT_NAME = "$(TARGET_NAME)";
				SWIFT_VERSION = 5.0;
				TARGETED_DEVICE_FAMILY = "1,2";
			};
			name = Debug;
		};
		236D081526A1C5B8008E7392 /* Release */ = {
			isa = XCBuildConfiguration;
			buildSettings = {
				ASSETCATALOG_COMPILER_APPICON_NAME = AppIcon;
				ASSETCATALOG_COMPILER_GLOBAL_ACCENT_COLOR_NAME = AccentColor;
				CODE_SIGN_STYLE = Automatic;
				DEVELOPMENT_ASSET_PATHS = "\"CashCount/Preview Content\"";
				DEVELOPMENT_TEAM = UB7P88VGXV;
				ENABLE_PREVIEWS = YES;
				INFOPLIST_FILE = CashCount/Info.plist;
				IPHONEOS_DEPLOYMENT_TARGET = 14.0;
				LD_RUNPATH_SEARCH_PATHS = (
					"$(inherited)",
					"@executable_path/Frameworks",
				);
				PRODUCT_BUNDLE_IDENTIFIER = com.nikolaimadlener.CashCount.CashCount;
				PRODUCT_NAME = "$(TARGET_NAME)";
				SWIFT_VERSION = 5.0;
				TARGETED_DEVICE_FAMILY = "1,2";
			};
			name = Release;
		};
/* End XCBuildConfiguration section */

/* Begin XCConfigurationList section */
		236D07FF26A1C5B4008E7392 /* Build configuration list for PBXProject "CashCount" */ = {
			isa = XCConfigurationList;
			buildConfigurations = (
				236D081126A1C5B8008E7392 /* Debug */,
				236D081226A1C5B8008E7392 /* Release */,
			);
			defaultConfigurationIsVisible = 0;
			defaultConfigurationName = Release;
		};
		236D081326A1C5B8008E7392 /* Build configuration list for PBXNativeTarget "CashCount" */ = {
			isa = XCConfigurationList;
			buildConfigurations = (
				236D081426A1C5B8008E7392 /* Debug */,
				236D081526A1C5B8008E7392 /* Release */,
			);
			defaultConfigurationIsVisible = 0;
			defaultConfigurationName = Release;
		};
/* End XCConfigurationList section */
	};
	rootObject = 236D07FC26A1C5B4008E7392 /* Project object */;
}
